
Microsoft Visual Studio Solution File, Format Version 12.00
# Visual Studio Version 16
VisualStudioVersion = 16.0.29905.134
MinimumVisualStudioVersion = 10.0.40219.1
Project("{FAE04EC0-301F-11D3-BF4B-00C04F79EFBC}") = "TemaSalarios", "TemaSalarios\TemaSalarios.csproj", "{942B387C-1D4D-467D-A39D-3422AA67DCE4}"
EndProject
Global
	GlobalSection(SolutionConfigurationPlatforms) = preSolution
		Debug|Any CPU = Debug|Any CPU
		Release|Any CPU = Release|Any CPU
	EndGlobalSection
	GlobalSection(ProjectConfigurationPlatforms) = postSolution
		{942B387C-1D4D-467D-A39D-3422AA67DCE4}.Debug|Any CPU.ActiveCfg = Debug|Any CPU
		{942B387C-1D4D-467D-A39D-3422AA67DCE4}.Debug|Any CPU.Build.0 = Debug|Any CPU
		{942B387C-1D4D-467D-A39D-3422AA67DCE4}.Release|Any CPU.ActiveCfg = Release|Any CPU
		{942B387C-1D4D-467D-A39D-3422AA67DCE4}.Release|Any CPU.Build.0 = Release|Any CPU
	EndGlobalSection
	GlobalSection(SolutionProperties) = preSolution
		HideSolutionNode = FALSE
	EndGlobalSection
	GlobalSection(ExtensibilityGlobals) = postSolution
		SolutionGuid = {CCD01D21-137B-4D2C-AD26-5FD471B54EE6}
	EndGlobalSection
EndGlobal
